<?xml version="1.0" encoding="utf-8"?>
<Project ToolsVersion="4.0" xmlns="http://schemas.microsoft.com/developer/msbuild/2003">
  <ItemGroup>
    <Filter Include="Source Files">
      <UniqueIdentifier>{4FC737F1-C7A5-4376-A066-2A32D752A2FF}</UniqueIdentifier>
      <Extensions>cpp;c;cc;cxx;c++;cppm;ixx;def;odl;idl;hpj;bat;asm;asmx</Extensions>
    </Filter>
    <Filter Include="Header Files">
      <UniqueIdentifier>{93995380-89BD-4b04-88EB-625FBE52EBFB}</UniqueIdentifier>
      <Extensions>h;hh;hpp;hxx;h++;hm;inl;inc;ipp;xsd</Extensions>
    </Filter>
    <Filter Include="Resource Files">
      <UniqueIdentifier>{67DA6AB6-F800-4c08-8B7A-83BB121AAD01}</UniqueIdentifier>
      <Extensions>rc;ico;cur;bmp;dlg;rc2;rct;bin;rgs;gif;jpg;jpeg;jpe;resx;tiff;tif;png;wav;mfcribbon-ms</Extensions>
    </Filter>
    <Filter Include="Shaders">
      <UniqueIdentifier>{ae0cc6af-8b01-4dd5-a9bf-872c6a801f6a}</UniqueIdentifier>
    </Filter>
    <Filter Include="LoadModels">
      <UniqueIdentifier>{b22b1801-4ada-40e8-9efa-e1ee156c6c5e}</UniqueIdentifier>
    </Filter>
    <Filter Include="Camera">
      <UniqueIdentifier>{1c42ea0d-698d-4679-b619-ed1c291cad6c}</UniqueIdentifier>
    </Filter>
    <Filter Include="Scenes">
      <UniqueIdentifier>{8d962f1a-2ecd-4781-8bd9-d425382ffc79}</UniqueIdentifier>
    </Filter>
    <Filter Include="Player">
      <UniqueIdentifier>{2cae0ef6-4931-4cd6-897d-a511ccb7a89d}</UniqueIdentifier>
    </Filter>
    <Filter Include="Player\PlayerInterface">
      <UniqueIdentifier>{35e99f2e-99c0-4ec5-9f10-a3f8a5c8b095}</UniqueIdentifier>
    </Filter>
    <Filter Include="Player\MainCharacter">
      <UniqueIdentifier>{4fe86834-f3b3-49e2-a785-499458f71125}</UniqueIdentifier>
    </Filter>
    <Filter Include="Player\AIEnemy">
      <UniqueIdentifier>{18c54023-3b0a-4081-b404-cb2a30263cff}</UniqueIdentifier>
    </Filter>
    <Filter Include="Lights">
      <UniqueIdentifier>{eecf9100-45d4-46ef-b0de-ec7990504063}</UniqueIdentifier>
    </Filter>
    <Filter Include="VAOManager">
      <UniqueIdentifier>{9ef02a88-6e88-4592-98c4-dc04eb8a997b}</UniqueIdentifier>
    </Filter>
    <Filter Include="Physics">
      <UniqueIdentifier>{d603f128-da6f-4fe0-ab54-31bf099aaed5}</UniqueIdentifier>
    </Filter>
    <Filter Include="RenderTheCrap">
      <UniqueIdentifier>{41f50547-15db-42af-b386-ea85bcb42640}</UniqueIdentifier>
    </Filter>
    <Filter Include="LUA">
      <UniqueIdentifier>{1d40c95f-bcaa-406b-9d3f-17a75a471cd3}</UniqueIdentifier>
    </Filter>
    <Filter Include="Tank">
      <UniqueIdentifier>{5336516b-d51f-4e39-b68e-5b439773fc7e}</UniqueIdentifier>
    </Filter>
  </ItemGroup>
  <ItemGroup>
    <ClCompile Include="Source.cpp">
      <Filter>Source Files</Filter>
    </ClCompile>
    <ClCompile Include="..\glad.c">
      <Filter>Source Files</Filter>
    </ClCompile>
    <ClCompile Include="cLoadModels.cpp">
      <Filter>LoadModels</Filter>
    </ClCompile>
    <ClCompile Include="FlyCam.cpp">
      <Filter>Camera</Filter>
    </ClCompile>
    <ClCompile Include="cShaderCompiler.cpp">
      <Filter>Shaders</Filter>
    </ClCompile>
    <ClCompile Include="cVAOManager.cpp">
      <Filter>VAOManager</Filter>
    </ClCompile>
    <ClCompile Include="cScene.cpp">
      <Filter>Scenes</Filter>
    </ClCompile>
    <ClCompile Include="cPlayer.cpp">
      <Filter>Player\MainCharacter</Filter>
    </ClCompile>
    <ClCompile Include="cAiEnemy.cpp">
      <Filter>Player\AIEnemy</Filter>
    </ClCompile>
    <ClCompile Include="cLightManager.cpp">
      <Filter>Lights</Filter>
    </ClCompile>
    <ClCompile Include="cLightMover.cpp">
      <Filter>Lights</Filter>
    </ClCompile>
    <ClCompile Include="cPhysicsUpdated.cpp">
      <Filter>Physics</Filter>
    </ClCompile>
    <ClCompile Include="cRenderModel.cpp">
      <Filter>RenderTheCrap</Filter>
    </ClCompile>
    <ClCompile Include="cLua.cpp">
      <Filter>LUA</Filter>
    </ClCompile>
    <ClCompile Include="cPlayerTank.cpp">
      <Filter>Tank</Filter>
    </ClCompile>
    <ClCompile Include="cEnemyTank.cpp">
      <Filter>Tank</Filter>
    </ClCompile>
    <ClCompile Include="Grid.cpp">
      <Filter>Tank</Filter>
    </ClCompile>
    <ClCompile Include="cSuperTank.cpp">
      <Filter>Tank</Filter>
    </ClCompile>
  </ItemGroup>
  <ItemGroup>
    <None Include="VertexShader.glsl">
      <Filter>Shaders</Filter>
    </None>
    <None Include="FragmentShaderCopy.glsl">
      <Filter>Shaders</Filter>
    </None>
  </ItemGroup>
  <ItemGroup>
    <ClInclude Include="cLoadModels.h">
      <Filter>LoadModels</Filter>
    </ClInclude>
    <ClInclude Include="FlyCam.h">
      <Filter>Camera</Filter>
    </ClInclude>
    <ClInclude Include="cShaderCompiler.h">
      <Filter>Shaders</Filter>
    </ClInclude>
    <ClInclude Include="cVAOManager.h">
      <Filter>VAOManager</Filter>
    </ClInclude>
    <ClInclude Include="cScene.h">
      <Filter>Scenes</Filter>
    </ClInclude>
    <ClInclude Include="IPlayer.h">
      <Filter>Player\PlayerInterface</Filter>
    </ClInclude>
    <ClInclude Include="cPlayer.h">
      <Filter>Player\MainCharacter</Filter>
    </ClInclude>
    <ClInclude Include="cAiEnemy.h">
      <Filter>Player\AIEnemy</Filter>
    </ClInclude>
    <ClInclude Include="cLightManager.h">
      <Filter>Lights</Filter>
    </ClInclude>
    <ClInclude Include="cLightMover.h">
      <Filter>Lights</Filter>
    </ClInclude>
    <ClInclude Include="cPhysicsUpdated.h">
      <Filter>Physics</Filter>
    </ClInclude>
    <ClInclude Include="cRenderModel.h">
      <Filter>RenderTheCrap</Filter>
    </ClInclude>
    <ClInclude Include="cLua.h">
      <Filter>LUA</Filter>
    </ClInclude>
    <ClInclude Include="iTank.h">
      <Filter>Tank</Filter>
    </ClInclude>
    <ClInclude Include="cPlayerTank.h">
      <Filter>Tank</Filter>
    </ClInclude>
    <ClInclude Include="cEnemyTank.h">
      <Filter>Tank</Filter>
    </ClInclude>
    <ClInclude Include="cSuperTank.h">
      <Filter>Tank</Filter>
    </ClInclude>
  </ItemGroup>
</Project>